
Microsoft Visual Studio Solution File, Format Version 12.00
# Visual Studio 15
VisualStudioVersion = 15.0.27428.2015
MinimumVisualStudioVersion = 10.0.40219.1
Project("{FAE04EC0-301F-11D3-BF4B-00C04F79EFBC}") = "Pizzerias.Website", "Pizzerias.Website\Pizzerias.Website.csproj", "{189B044C-F2EA-4E64-95D7-EEB8D1533DF6}"
EndProject
Global
	GlobalSection(SolutionConfigurationPlatforms) = preSolution
		Debug|Any CPU = Debug|Any CPU
		Release|Any CPU = Release|Any CPU
	EndGlobalSection
	GlobalSection(ProjectConfigurationPlatforms) = postSolution
		{189B044C-F2EA-4E64-95D7-EEB8D1533DF6}.Debug|Any CPU.ActiveCfg = Debug|Any CPU
		{189B044C-F2EA-4E64-95D7-EEB8D1533DF6}.Debug|Any CPU.Build.0 = Debug|Any CPU
		{189B044C-F2EA-4E64-95D7-EEB8D1533DF6}.Release|Any CPU.ActiveCfg = Release|Any CPU
		{189B044C-F2EA-4E64-95D7-EEB8D1533DF6}.Release|Any CPU.Build.0 = Release|Any CPU
	EndGlobalSection
	GlobalSection(SolutionProperties) = preSolution
		HideSolutionNode = FALSE
	EndGlobalSection
	GlobalSection(ExtensibilityGlobals) = postSolution
		SolutionGuid = {87CC06DC-B033-46E3-8D87-75B4E8796C12}
	EndGlobalSection
EndGlobal
